
Microsoft Visual Studio Solution File, Format Version 12.00
# Visual Studio 16
Project("{FAE04EC0-301F-11D3-BF4B-00C04F79EFBC}") = "Assembly-CSharp", "Assembly-CSharp.csproj", "{675C1289-A6A0-FE9C-57E4-C28D9B87962E}"
EndProject
Global
	GlobalSection(SolutionConfigurationPlatforms) = preSolution
		Debug|Any CPU = Debug|Any CPU
		Release|Any CPU = Release|Any CPU
	EndGlobalSection
	GlobalSection(ProjectConfigurationPlatforms) = postSolution
		{675C1289-A6A0-FE9C-57E4-C28D9B87962E}.Debug|Any CPU.ActiveCfg = Debug|Any CPU
		{675C1289-A6A0-FE9C-57E4-C28D9B87962E}.Debug|Any CPU.Build.0 = Debug|Any CPU
		{675C1289-A6A0-FE9C-57E4-C28D9B87962E}.Release|Any CPU.ActiveCfg = Release|Any CPU
		{675C1289-A6A0-FE9C-57E4-C28D9B87962E}.Release|Any CPU.Build.0 = Release|Any CPU
	EndGlobalSection
	GlobalSection(SolutionProperties) = preSolution
		HideSolutionNode = FALSE
	EndGlobalSection
EndGlobal
